
Microsoft Visual Studio Solution File, Format Version 12.00
# Visual Studio 15
VisualStudioVersion = 15.0.27428.2043
MinimumVisualStudioVersion = 10.0.40219.1
Project("{FAE04EC0-301F-11D3-BF4B-00C04F79EFBC}") = "MusicWindow", "MusicWindow\MusicWindow.csproj", "{B6E56C86-3D94-4EB3-87CA-35203A433D33}"
EndProject
Project("{FAE04EC0-301F-11D3-BF4B-00C04F79EFBC}") = "MusicTestApp", "MusicWindowTest\MusicTestApp.csproj", "{D9C5381E-BF43-45C1-BFBE-6D19AA075117}"
EndProject
Global
	GlobalSection(SolutionConfigurationPlatforms) = preSolution
		Debug|Any CPU = Debug|Any CPU
		Release|Any CPU = Release|Any CPU
	EndGlobalSection
	GlobalSection(ProjectConfigurationPlatforms) = postSolution
		{B6E56C86-3D94-4EB3-87CA-35203A433D33}.Debug|Any CPU.ActiveCfg = Debug|Any CPU
		{B6E56C86-3D94-4EB3-87CA-35203A433D33}.Debug|Any CPU.Build.0 = Debug|Any CPU
		{B6E56C86-3D94-4EB3-87CA-35203A433D33}.Release|Any CPU.ActiveCfg = Release|Any CPU
		{B6E56C86-3D94-4EB3-87CA-35203A433D33}.Release|Any CPU.Build.0 = Release|Any CPU
		{D9C5381E-BF43-45C1-BFBE-6D19AA075117}.Debug|Any CPU.ActiveCfg = Debug|Any CPU
		{D9C5381E-BF43-45C1-BFBE-6D19AA075117}.Debug|Any CPU.Build.0 = Debug|Any CPU
		{D9C5381E-BF43-45C1-BFBE-6D19AA075117}.Release|Any CPU.ActiveCfg = Release|Any CPU
		{D9C5381E-BF43-45C1-BFBE-6D19AA075117}.Release|Any CPU.Build.0 = Release|Any CPU
	EndGlobalSection
	GlobalSection(SolutionProperties) = preSolution
		HideSolutionNode = FALSE
	EndGlobalSection
	GlobalSection(ExtensibilityGlobals) = postSolution
		SolutionGuid = {84328E1E-5289-40D0-BC05-16D9767C3A09}
	EndGlobalSection
EndGlobal
